// !$*UTF8*$!
{
	archiveVersion = 1;
	classes = {
	};
	objectVersion = 56;
	objects = {

/* Begin PBXBuildFile section */
		8F5A3B582CA4625900F70649 /* AppDelegate.swift in Sources */ = {isa = PBXBuildFile; fileRef = 8F5A3B572CA4625900F70649 /* AppDelegate.swift */; };
		8F5A3B5A2CA4625900F70649 /* SceneDelegate.swift in Sources */ = {isa = PBXBuildFile; fileRef = 8F5A3B592CA4625900F70649 /* SceneDelegate.swift */; };
		8F5A3B5C2CA4625900F70649 /* ViewController.swift in Sources */ = {isa = PBXBuildFile; fileRef = 8F5A3B5B2CA4625900F70649 /* ViewController.swift */; };
		8F5A3B5F2CA4625900F70649 /* Main.storyboard in Resources */ = {isa = PBXBuildFile; fileRef = 8F5A3B5D2CA4625900F70649 /* Main.storyboard */; };
		8F5A3B612CA4625C00F70649 /* Assets.xcassets in Resources */ = {isa = PBXBuildFile; fileRef = 8F5A3B602CA4625C00F70649 /* Assets.xcassets */; };
		8F5A3B642CA4625C00F70649 /* LaunchScreen.storyboard in Resources */ = {isa = PBXBuildFile; fileRef = 8F5A3B622CA4625C00F70649 /* LaunchScreen.storyboard */; };
		8F706E522CA47E2B00782DF6 /* Question.swift in Sources */ = {isa = PBXBuildFile; fileRef = 8F706E512CA47E2B00782DF6 /* Question.swift */; };
		8F706E572CA48F4800782DF6 /* QuizBrain.swift in Sources */ = {isa = PBXBuildFile; fileRef = 8F706E562CA48F4800782DF6 /* QuizBrain.swift */; };
/* End PBXBuildFile section */

/* Begin PBXFileReference section */
		8F5A3B542CA4625900F70649 /* Quizzler_marafon.app */ = {isa = PBXFileReference; explicitFileType = wrapper.application; includeInIndex = 0; path = Quizzler_marafon.app; sourceTree = BUILT_PRODUCTS_DIR; };
		8F5A3B572CA4625900F70649 /* AppDelegate.swift */ = {isa = PBXFileReference; lastKnownFileType = sourcecode.swift; path = AppDelegate.swift; sourceTree = "<group>"; };
		8F5A3B592CA4625900F70649 /* SceneDelegate.swift */ = {isa = PBXFileReference; lastKnownFileType = sourcecode.swift; path = SceneDelegate.swift; sourceTree = "<group>"; };
		8F5A3B5B2CA4625900F70649 /* ViewController.swift */ = {isa = PBXFileReference; lastKnownFileType = sourcecode.swift; path = ViewController.swift; sourceTree = "<group>"; };
		8F5A3B5E2CA4625900F70649 /* Base */ = {isa = PBXFileReference; lastKnownFileType = file.storyboard; name = Base; path = Base.lproj/Main.storyboard; sourceTree = "<group>"; };
		8F5A3B602CA4625C00F70649 /* Assets.xcassets */ = {isa = PBXFileReference; lastKnownFileType = folder.assetcatalog; path = Assets.xcassets; sourceTree = "<group>"; };
		8F5A3B632CA4625C00F70649 /* Base */ = {isa = PBXFileReference; lastKnownFileType = file.storyboard; name = Base; path = Base.lproj/LaunchScreen.storyboard; sourceTree = "<group>"; };
		8F5A3B652CA4625C00F70649 /* Info.plist */ = {isa = PBXFileReference; lastKnownFileType = text.plist.xml; path = Info.plist; sourceTree = "<group>"; };
		8F706E512CA47E2B00782DF6 /* Question.swift */ = {isa = PBXFileReference; lastKnownFileType = sourcecode.swift; path = Question.swift; sourceTree = "<group>"; };
		8F706E562CA48F4800782DF6 /* QuizBrain.swift */ = {isa = PBXFileReference; lastKnownFileType = sourcecode.swift; path = QuizBrain.swift; sourceTree = "<group>"; };
/* End PBXFileReference section */

/* Begin PBXFrameworksBuildPhase section */
		8F5A3B512CA4625900F70649 /* Frameworks */ = {
			isa = PBXFrameworksBuildPhase;
			buildActionMask = 2147483647;
			files = (
			);
			runOnlyForDeploymentPostprocessing = 0;
		};
/* End PBXFrameworksBuildPhase section */

/* Begin PBXGroup section */
		8F5A3B4B2CA4625800F70649 = {
			isa = PBXGroup;
			children = (
				8F5A3B562CA4625900F70649 /* Quizzler_marafon */,
				8F5A3B552CA4625900F70649 /* Products */,
			);
			sourceTree = "<group>";
		};
		8F5A3B552CA4625900F70649 /* Products */ = {
			isa = PBXGroup;
			children = (
				8F5A3B542CA4625900F70649 /* Quizzler_marafon.app */,
			);
			name = Products;
			sourceTree = "<group>";
		};
		8F5A3B562CA4625900F70649 /* Quizzler_marafon */ = {
			isa = PBXGroup;
			children = (
				8F5A3B572CA4625900F70649 /* AppDelegate.swift */,
				8F5A3B592CA4625900F70649 /* SceneDelegate.swift */,
				8F706E532CA48DD700782DF6 /* Model */,
				8F706E542CA48E0800782DF6 /* View */,
				8F706E552CA48E1E00782DF6 /* Controller */,
				8F5A3B602CA4625C00F70649 /* Assets.xcassets */,
				8F5A3B622CA4625C00F70649 /* LaunchScreen.storyboard */,
				8F5A3B652CA4625C00F70649 /* Info.plist */,
			);
			path = Quizzler_marafon;
			sourceTree = "<group>";
		};
		8F706E532CA48DD700782DF6 /* Model */ = {
			isa = PBXGroup;
			children = (
				8F706E512CA47E2B00782DF6 /* Question.swift */,
				8F706E562CA48F4800782DF6 /* QuizBrain.swift */,
			);
			path = Model;
			sourceTree = "<group>";
		};
		8F706E542CA48E0800782DF6 /* View */ = {
			isa = PBXGroup;
			children = (
				8F5A3B5D2CA4625900F70649 /* Main.storyboard */,
			);
			path = View;
			sourceTree = "<group>";
		};
		8F706E552CA48E1E00782DF6 /* Controller */ = {
			isa = PBXGroup;
			children = (
				8F5A3B5B2CA4625900F70649 /* ViewController.swift */,
			);
			path = Controller;
			sourceTree = "<group>";
		};
/* End PBXGroup section */

/* Begin PBXNativeTarget section */
		8F5A3B532CA4625900F70649 /* Quizzler_marafon */ = {
			isa = PBXNativeTarget;
			buildConfigurationList = 8F5A3B682CA4625C00F70649 /* Build configuration list for PBXNativeTarget "Quizzler_marafon" */;
			buildPhases = (
				8F5A3B502CA4625900F70649 /* Sources */,
				8F5A3B512CA4625900F70649 /* Frameworks */,
				8F5A3B522CA4625900F70649 /* Resources */,
			);
			buildRules = (
			);
			dependencies = (
			);
			name = Quizzler_marafon;
			productName = Quizzler_marafon;
			productReference = 8F5A3B542CA4625900F70649 /* Quizzler_marafon.app */;
			productType = "com.apple.product-type.application";
		};
/* End PBXNativeTarget section */

/* Begin PBXProject section */
		8F5A3B4C2CA4625800F70649 /* Project object */ = {
			isa = PBXProject;
			attributes = {
				BuildIndependentTargetsInParallel = 1;
				LastSwiftUpdateCheck = 1420;
				LastUpgradeCheck = 1420;
				TargetAttributes = {
					8F5A3B532CA4625900F70649 = {
						CreatedOnToolsVersion = 14.2;
					};
				};
			};
			buildConfigurationList = 8F5A3B4F2CA4625800F70649 /* Build configuration list for PBXProject "Quizzler_marafon" */;
			compatibilityVersion = "Xcode 14.0";
			developmentRegion = en;
			hasScannedForEncodings = 0;
			knownRegions = (
				en,
				Base,
			);
			mainGroup = 8F5A3B4B2CA4625800F70649;
			productRefGroup = 8F5A3B552CA4625900F70649 /* Products */;
			projectDirPath = "";
			projectRoot = "";
			targets = (
				8F5A3B532CA4625900F70649 /* Quizzler_marafon */,
			);
		};
/* End PBXProject section */

/* Begin PBXResourcesBuildPhase section */
		8F5A3B522CA4625900F70649 /* Resources */ = {
			isa = PBXResourcesBuildPhase;
			buildActionMask = 2147483647;
			files = (
				8F5A3B642CA4625C00F70649 /* LaunchScreen.storyboard in Resources */,
				8F5A3B612CA4625C00F70649 /* Assets.xcassets in Resources */,
				8F5A3B5F2CA4625900F70649 /* Main.storyboard in Resources */,
			);
			runOnlyForDeploymentPostprocessing = 0;
		};
/* End PBXResourcesBuildPhase section */

/* Begin PBXSourcesBuildPhase section */
		8F5A3B502CA4625900F70649 /* Sources */ = {
			isa = PBXSourcesBuildPhase;
			buildActionMask = 2147483647;
			files = (
				8F706E572CA48F4800782DF6 /* QuizBrain.swift in Sources */,
				8F5A3B5C2CA4625900F70649 /* ViewController.swift in Sources */,
				8F706E522CA47E2B00782DF6 /* Question.swift in Sources */,
				8F5A3B582CA4625900F70649 /* AppDelegate.swift in Sources */,
				8F5A3B5A2CA4625900F70649 /* SceneDelegate.swift in Sources */,
			);
			runOnlyForDeploymentPostprocessing = 0;
		};
/* End PBXSourcesBuildPhase section */

/* Begin PBXVariantGroup section */
		8F5A3B5D2CA4625900F70649 /* Main.storyboard */ = {
			isa = PBXVariantGroup;
			children = (
				8F5A3B5E2CA4625900F70649 /* Base */,
			);
			name = Main.storyboard;
			sourceTree = "<group>";
		};
		8F5A3B622CA4625C00F70649 /* LaunchScreen.storyboard */ = {
			isa = PBXVariantGroup;
			children = (
				8F5A3B632CA4625C00F70649 /* Base */,
			);
			name = LaunchScreen.storyboard;
			sourceTree = "<group>";
		};
/* End PBXVariantGroup section */

/* Begin XCBuildConfiguration section */
		8F5A3B662CA4625C00F70649 /* Debug */ = {
			isa = XCBuildConfiguration;
			buildSettings = {
				ALWAYS_SEARCH_USER_PATHS = NO;
				CLANG_ANALYZER_NONNULL = YES;
				CLANG_ANALYZER_NUMBER_OBJECT_CONVERSION = YES_AGGRESSIVE;
				CLANG_CXX_LANGUAGE_STANDARD = "gnu++20";
				CLANG_ENABLE_MODULES = YES;
				CLANG_ENABLE_OBJC_ARC = YES;
				CLANG_ENABLE_OBJC_WEAK = YES;
				CLANG_WARN_BLOCK_CAPTURE_AUTORELEASING = YES;
				CLANG_WARN_BOOL_CONVERSION = YES;
				CLANG_WARN_COMMA = YES;
				CLANG_WARN_CONSTANT_CONVERSION = YES;
				CLANG_WARN_DEPRECATED_OBJC_IMPLEMENTATIONS = YES;
				CLANG_WARN_DIRECT_OBJC_ISA_USAGE = YES_ERROR;
				CLANG_WARN_DOCUMENTATION_COMMENTS = YES;
				CLANG_WARN_EMPTY_BODY = YES;
				CLANG_WARN_ENUM_CONVERSION = YES;
				CLANG_WARN_INFINITE_RECURSION = YES;
				CLANG_WARN_INT_CONVERSION = YES;
				CLANG_WARN_NON_LITERAL_NULL_CONVERSION = YES;
				CLANG_WARN_OBJC_IMPLICIT_RETAIN_SELF = YES;
				CLANG_WARN_OBJC_LITERAL_CONVERSION = YES;
				CLANG_WARN_OBJC_ROOT_CLASS = YES_ERROR;
				CLANG_WARN_QUOTED_INCLUDE_IN_FRAMEWORK_HEADER = YES;
				CLANG_WARN_RANGE_LOOP_ANALYSIS = YES;
				CLANG_WARN_STRICT_PROTOTYPES = YES;
				CLANG_WARN_SUSPICIOUS_MOVE = YES;
				CLANG_WARN_UNGUARDED_AVAILABILITY = YES_AGGRESSIVE;
				CLANG_WARN_UNREACHABLE_CODE = YES;
				CLANG_WARN__DUPLICATE_METHOD_MATCH = YES;
				COPY_PHASE_STRIP = NO;
				DEBUG_INFORMATION_FORMAT = dwarf;
				ENABLE_STRICT_OBJC_MSGSEND = YES;
				ENABLE_TESTABILITY = YES;
				GCC_C_LANGUAGE_STANDARD = gnu11;
				GCC_DYNAMIC_NO_PIC = NO;
				GCC_NO_COMMON_BLOCKS = YES;
				GCC_OPTIMIZATION_LEVEL = 0;
				GCC_PREPROCESSOR_DEFINITIONS = (
					"DEBUG=1",
					"$(inherited)",
				);
				GCC_WARN_64_TO_32_BIT_CONVERSION = YES;
				GCC_WARN_ABOUT_RETURN_TYPE = YES_ERROR;
				GCC_WARN_UNDECLARED_SELECTOR = YES;
				GCC_WARN_UNINITIALIZED_AUTOS = YES_AGGRESSIVE;
				GCC_WARN_UNUSED_FUNCTION = YES;
				GCC_WARN_UNUSED_VARIABLE = YES;
				IPHONEOS_DEPLOYMENT_TARGET = 16.2;
				MTL_ENABLE_DEBUG_INFO = INCLUDE_SOURCE;
				MTL_FAST_MATH = YES;
				ONLY_ACTIVE_ARCH = YES;
				SDKROOT = iphoneos;
				SWIFT_ACTIVE_COMPILATION_CONDITIONS = DEBUG;
				SWIFT_OPTIMIZATION_LEVEL = "-Onone";
			};
			name = Debug;
		};
		8F5A3B672CA4625C00F70649 /* Release */ = {
			isa = XCBuildConfiguration;
			buildSettings = {
				ALWAYS_SEARCH_USER_PATHS = NO;
				CLANG_ANALYZER_NONNULL = YES;
				CLANG_ANALYZER_NUMBER_OBJECT_CONVERSION = YES_AGGRESSIVE;
				CLANG_CXX_LANGUAGE_STANDARD = "gnu++20";
				CLANG_ENABLE_MODULES = YES;
				CLANG_ENABLE_OBJC_ARC = YES;
				CLANG_ENABLE_OBJC_WEAK = YES;
				CLANG_WARN_BLOCK_CAPTURE_AUTORELEASING = YES;
				CLANG_WARN_BOOL_CONVERSION = YES;
				CLANG_WARN_COMMA = YES;
				CLANG_WARN_CONSTANT_CONVERSION = YES;
				CLANG_WARN_DEPRECATED_OBJC_IMPLEMENTATIONS = YES;
				CLANG_WARN_DIRECT_OBJC_ISA_USAGE = YES_ERROR;
				CLANG_WARN_DOCUMENTATION_COMMENTS = YES;
				CLANG_WARN_EMPTY_BODY = YES;
				CLANG_WARN_ENUM_CONVERSION = YES;
				CLANG_WARN_INFINITE_RECURSION = YES;
				CLANG_WARN_INT_CONVERSION = YES;
				CLANG_WARN_NON_LITERAL_NULL_CONVERSION = YES;
				CLANG_WARN_OBJC_IMPLICIT_RETAIN_SELF = YES;
				CLANG_WARN_OBJC_LITERAL_CONVERSION = YES;
				CLANG_WARN_OBJC_ROOT_CLASS = YES_ERROR;
				CLANG_WARN_QUOTED_INCLUDE_IN_FRAMEWORK_HEADER = YES;
				CLANG_WARN_RANGE_LOOP_ANALYSIS = YES;
				CLANG_WARN_STRICT_PROTOTYPES = YES;
				CLANG_WARN_SUSPICIOUS_MOVE = YES;
				CLANG_WARN_UNGUARDED_AVAILABILITY = YES_AGGRESSIVE;
				CLANG_WARN_UNREACHABLE_CODE = YES;
				CLANG_WARN__DUPLICATE_METHOD_MATCH = YES;
				COPY_PHASE_STRIP = NO;
				DEBUG_INFORMATION_FORMAT = "dwarf-with-dsym";
				ENABLE_NS_ASSERTIONS = NO;
				ENABLE_STRICT_OBJC_MSGSEND = YES;
				GCC_C_LANGUAGE_STANDARD = gnu11;
				GCC_NO_COMMON_BLOCKS = YES;
				GCC_WARN_64_TO_32_BIT_CONVERSION = YES;
				GCC_WARN_ABOUT_RETURN_TYPE = YES_ERROR;
				GCC_WARN_UNDECLARED_SELECTOR = YES;
				GCC_WARN_UNINITIALIZED_AUTOS = YES_AGGRESSIVE;
				GCC_WARN_UNUSED_FUNCTION = YES;
				GCC_WARN_UNUSED_VARIABLE = YES;
				IPHONEOS_DEPLOYMENT_TARGET = 16.2;
				MTL_ENABLE_DEBUG_INFO = NO;
				MTL_FAST_MATH = YES;
				SDKROOT = iphoneos;
				SWIFT_COMPILATION_MODE = wholemodule;
				SWIFT_OPTIMIZATION_LEVEL = "-O";
				VALIDATE_PRODUCT = YES;
			};
			name = Release;
		};
		8F5A3B692CA4625C00F70649 /* Debug */ = {
			isa = XCBuildConfiguration;
			buildSettings = {
				ASSETCATALOG_COMPILER_APPICON_NAME = AppIcon;
				ASSETCATALOG_COMPILER_GLOBAL_ACCENT_COLOR_NAME = AccentColor;
				CODE_SIGN_STYLE = Automatic;
				CURRENT_PROJECT_VERSION = 1;
				GENERATE_INFOPLIST_FILE = YES;
				INFOPLIST_FILE = Quizzler_marafon/Info.plist;
				INFOPLIST_KEY_UIApplicationSupportsIndirectInputEvents = YES;
				INFOPLIST_KEY_UILaunchStoryboardName = LaunchScreen;
				INFOPLIST_KEY_UIMainStoryboardFile = Main;
				INFOPLIST_KEY_UISupportedInterfaceOrientations = UIInterfaceOrientationPortrait;
				IPHONEOS_DEPLOYMENT_TARGET = 13.0;
				LD_RUNPATH_SEARCH_PATHS = (
					"$(inherited)",
					"@executable_path/Frameworks",
				);
				MARKETING_VERSION = 1.0;
				PRODUCT_BUNDLE_IDENTIFIER = "com.myAppBuildAlGur.Quizzler-marafon";
				PRODUCT_NAME = "$(TARGET_NAME)";
				SUPPORTED_PLATFORMS = "iphoneos iphonesimulator";
				SUPPORTS_MACCATALYST = NO;
				SUPPORTS_MAC_DESIGNED_FOR_IPHONE_IPAD = NO;
				SWIFT_EMIT_LOC_STRINGS = YES;
				SWIFT_VERSION = 5.0;
				TARGETED_DEVICE_FAMILY = 1;
			};
			name = Debug;
		};
		8F5A3B6A2CA4625C00F70649 /* Release */ = {
			isa = XCBuildConfiguration;
			buildSettings = {
				ASSETCATALOG_COMPILER_APPICON_NAME = AppIcon;
				ASSETCATALOG_COMPILER_GLOBAL_ACCENT_COLOR_NAME = AccentColor;
				CODE_SIGN_STYLE = Automatic;
				CURRENT_PROJECT_VERSION = 1;
				GENERATE_INFOPLIST_FILE = YES;
				INFOPLIST_FILE = Quizzler_marafon/Info.plist;
				INFOPLIST_KEY_UIApplicationSupportsIndirectInputEvents = YES;
				INFOPLIST_KEY_UILaunchStoryboardName = LaunchScreen;
				INFOPLIST_KEY_UIMainStoryboardFile = Main;
				INFOPLIST_KEY_UISupportedInterfaceOrientations = UIInterfaceOrientationPortrait;
				IPHONEOS_DEPLOYMENT_TARGET = 13.0;
				LD_RUNPATH_SEARCH_PATHS = (
					"$(inherited)",
					"@executable_path/Frameworks",
				);
				MARKETING_VERSION = 1.0;
				PRODUCT_BUNDLE_IDENTIFIER = "com.myAppBuildAlGur.Quizzler-marafon";
				PRODUCT_NAME = "$(TARGET_NAME)";
				SUPPORTED_PLATFORMS = "iphoneos iphonesimulator";
				SUPPORTS_MACCATALYST = NO;
				SUPPORTS_MAC_DESIGNED_FOR_IPHONE_IPAD = NO;
				SWIFT_EMIT_LOC_STRINGS = YES;
				SWIFT_VERSION = 5.0;
				TARGETED_DEVICE_FAMILY = 1;
			};
			name = Release;
		};
/* End XCBuildConfiguration section */

/* Begin XCConfigurationList section */
		8F5A3B4F2CA4625800F70649 /* Build configuration list for PBXProject "Quizzler_marafon" */ = {
			isa = XCConfigurationList;
			buildConfigurations = (
				8F5A3B662CA4625C00F70649 /* Debug */,
				8F5A3B672CA4625C00F70649 /* Release */,
			);
			defaultConfigurationIsVisible = 0;
			defaultConfigurationName = Release;
		};
		8F5A3B682CA4625C00F70649 /* Build configuration list for PBXNativeTarget "Quizzler_marafon" */ = {
			isa = XCConfigurationList;
			buildConfigurations = (
				8F5A3B692CA4625C00F70649 /* Debug */,
				8F5A3B6A2CA4625C00F70649 /* Release */,
			);
			defaultConfigurationIsVisible = 0;
			defaultConfigurationName = Release;
		};
/* End XCConfigurationList section */
	};
	rootObject = 8F5A3B4C2CA4625800F70649 /* Project object */;
}
